
Microsoft Visual Studio Solution File, Format Version 12.00
# Visual Studio Version 17
VisualStudioVersion = 17.0.31903.59
MinimumVisualStudioVersion = 10.0.40219.1
Project("{FAE04EC0-301F-11D3-BF4B-00C04F79EFBC}") = "Estacionamento.Domain", "Estacionamento.Domain\Estacionamento.Domain.csproj", "{294DB3CF-9745-4452-B0CA-52BE1DE8C626}"
EndProject
Project("{FAE04EC0-301F-11D3-BF4B-00C04F79EFBC}") = "Estacionamento.Tests", "Estacionamento.Tests\Estacionamento.Tests.csproj", "{8531A137-04E2-4063-BF18-11AF2C4841BB}"
EndProject
Project("{2150E333-8FDC-42A3-9474-1A3956D46DE8}") = "3 - Estacionamento.Domain", "3 - Estacionamento.Domain", "{02EA681E-C7D8-13C7-8484-4AC65E1B71E8}"
EndProject
Project("{2150E333-8FDC-42A3-9474-1A3956D46DE8}") = "4 - Estacionamento.Infra", "4 - Estacionamento.Infra", "{D8B3EEC5-8FAE-4EE7-A383-E79DC83AEA4A}"
EndProject
Project("{2150E333-8FDC-42A3-9474-1A3956D46DE8}") = "5 - Estacionamento.Tests", "5 - Estacionamento.Tests", "{A3C3CA66-EA05-4363-BC7E-D383BB73CFE1}"
EndProject
Project("{2150E333-8FDC-42A3-9474-1A3956D46DE8}") = "1 - Estacionamento.Api", "1 - Estacionamento.Api", "{52B5A784-BC3E-4567-9372-4F52B28FCF48}"
EndProject
Project("{E53339B2-1760-4266-BCC7-CA923CBCF16C}") = "docker-compose", "docker-compose.dcproj", "{81DDED9D-158B-E303-5F62-77A2896D2A5A}"
EndProject
Project("{FAE04EC0-301F-11D3-BF4B-00C04F79EFBC}") = "Estacionamento.Api", "Estacionamento.Api\Estacionamento.Api.csproj", "{097BBA84-8165-9485-2591-83ED12894A47}"
EndProject
Project("{2150E333-8FDC-42A3-9474-1A3956D46DE8}") = "2 - Estacionamento.Application", "2 - Estacionamento.Application", "{D44C6B09-AD76-4E11-AD07-A413BD328AF7}"
EndProject
Project("{FAE04EC0-301F-11D3-BF4B-00C04F79EFBC}") = "Estacionamento.Application", "Estacionamento.Application\Estacionamento.Application.csproj", "{2EC463C7-0709-DE0D-63A0-917332B13DCE}"
EndProject
Project("{FAE04EC0-301F-11D3-BF4B-00C04F79EFBC}") = "Estacionamento.Infra.CrossCutting", "Estacionamento.Infra.CrossCutting\Estacionamento.Infra.CrossCutting.csproj", "{0685C84C-EFBD-415C-BBC3-2547C255E308}"
EndProject
Project("{FAE04EC0-301F-11D3-BF4B-00C04F79EFBC}") = "Estacionamento.Infra.IoC", "Estacionamento.Infra.IoC\Estacionamento.Infra.IoC.csproj", "{2693C173-482B-DADE-1FD5-5C5DA17CC32D}"
EndProject
Project("{FAE04EC0-301F-11D3-BF4B-00C04F79EFBC}") = "Estacionamento.Infra.Data", "Estacionamento.Infra.Data\Estacionamento.Infra.Data.csproj", "{4945A6A2-1665-3589-F759-BE5FA04326D7}"
EndProject
Global
	GlobalSection(SolutionConfigurationPlatforms) = preSolution
		Debug|Any CPU = Debug|Any CPU
		Debug|x64 = Debug|x64
		Debug|x86 = Debug|x86
		Release|Any CPU = Release|Any CPU
		Release|x64 = Release|x64
		Release|x86 = Release|x86
	EndGlobalSection
	GlobalSection(ProjectConfigurationPlatforms) = postSolution
		{294DB3CF-9745-4452-B0CA-52BE1DE8C626}.Debug|Any CPU.ActiveCfg = Debug|Any CPU
		{294DB3CF-9745-4452-B0CA-52BE1DE8C626}.Debug|Any CPU.Build.0 = Debug|Any CPU
		{294DB3CF-9745-4452-B0CA-52BE1DE8C626}.Debug|x64.ActiveCfg = Debug|Any CPU
		{294DB3CF-9745-4452-B0CA-52BE1DE8C626}.Debug|x64.Build.0 = Debug|Any CPU
		{294DB3CF-9745-4452-B0CA-52BE1DE8C626}.Debug|x86.ActiveCfg = Debug|Any CPU
		{294DB3CF-9745-4452-B0CA-52BE1DE8C626}.Debug|x86.Build.0 = Debug|Any CPU
		{294DB3CF-9745-4452-B0CA-52BE1DE8C626}.Release|Any CPU.ActiveCfg = Release|Any CPU
		{294DB3CF-9745-4452-B0CA-52BE1DE8C626}.Release|Any CPU.Build.0 = Release|Any CPU
		{294DB3CF-9745-4452-B0CA-52BE1DE8C626}.Release|x64.ActiveCfg = Release|Any CPU
		{294DB3CF-9745-4452-B0CA-52BE1DE8C626}.Release|x64.Build.0 = Release|Any CPU
		{294DB3CF-9745-4452-B0CA-52BE1DE8C626}.Release|x86.ActiveCfg = Release|Any CPU
		{294DB3CF-9745-4452-B0CA-52BE1DE8C626}.Release|x86.Build.0 = Release|Any CPU
		{8531A137-04E2-4063-BF18-11AF2C4841BB}.Debug|Any CPU.ActiveCfg = Debug|Any CPU
		{8531A137-04E2-4063-BF18-11AF2C4841BB}.Debug|Any CPU.Build.0 = Debug|Any CPU
		{8531A137-04E2-4063-BF18-11AF2C4841BB}.Debug|x64.ActiveCfg = Debug|Any CPU
		{8531A137-04E2-4063-BF18-11AF2C4841BB}.Debug|x64.Build.0 = Debug|Any CPU
		{8531A137-04E2-4063-BF18-11AF2C4841BB}.Debug|x86.ActiveCfg = Debug|Any CPU
		{8531A137-04E2-4063-BF18-11AF2C4841BB}.Debug|x86.Build.0 = Debug|Any CPU
		{8531A137-04E2-4063-BF18-11AF2C4841BB}.Release|Any CPU.ActiveCfg = Release|Any CPU
		{8531A137-04E2-4063-BF18-11AF2C4841BB}.Release|Any CPU.Build.0 = Release|Any CPU
		{8531A137-04E2-4063-BF18-11AF2C4841BB}.Release|x64.ActiveCfg = Release|Any CPU
		{8531A137-04E2-4063-BF18-11AF2C4841BB}.Release|x64.Build.0 = Release|Any CPU
		{8531A137-04E2-4063-BF18-11AF2C4841BB}.Release|x86.ActiveCfg = Release|Any CPU
		{8531A137-04E2-4063-BF18-11AF2C4841BB}.Release|x86.Build.0 = Release|Any CPU
		{81DDED9D-158B-E303-5F62-77A2896D2A5A}.Debug|Any CPU.ActiveCfg = Debug|Any CPU
		{81DDED9D-158B-E303-5F62-77A2896D2A5A}.Debug|Any CPU.Build.0 = Debug|Any CPU
		{81DDED9D-158B-E303-5F62-77A2896D2A5A}.Debug|x64.ActiveCfg = Debug|Any CPU
		{81DDED9D-158B-E303-5F62-77A2896D2A5A}.Debug|x64.Build.0 = Debug|Any CPU
		{81DDED9D-158B-E303-5F62-77A2896D2A5A}.Debug|x86.ActiveCfg = Debug|Any CPU
		{81DDED9D-158B-E303-5F62-77A2896D2A5A}.Debug|x86.Build.0 = Debug|Any CPU
		{81DDED9D-158B-E303-5F62-77A2896D2A5A}.Release|Any CPU.ActiveCfg = Release|Any CPU
		{81DDED9D-158B-E303-5F62-77A2896D2A5A}.Release|Any CPU.Build.0 = Release|Any CPU
		{81DDED9D-158B-E303-5F62-77A2896D2A5A}.Release|x64.ActiveCfg = Release|Any CPU
		{81DDED9D-158B-E303-5F62-77A2896D2A5A}.Release|x64.Build.0 = Release|Any CPU
		{81DDED9D-158B-E303-5F62-77A2896D2A5A}.Release|x86.ActiveCfg = Release|Any CPU
		{81DDED9D-158B-E303-5F62-77A2896D2A5A}.Release|x86.Build.0 = Release|Any CPU
		{097BBA84-8165-9485-2591-83ED12894A47}.Debug|Any CPU.ActiveCfg = Debug|Any CPU
		{097BBA84-8165-9485-2591-83ED12894A47}.Debug|Any CPU.Build.0 = Debug|Any CPU
		{097BBA84-8165-9485-2591-83ED12894A47}.Debug|x64.ActiveCfg = Debug|Any CPU
		{097BBA84-8165-9485-2591-83ED12894A47}.Debug|x64.Build.0 = Debug|Any CPU
		{097BBA84-8165-9485-2591-83ED12894A47}.Debug|x86.ActiveCfg = Debug|Any CPU
		{097BBA84-8165-9485-2591-83ED12894A47}.Debug|x86.Build.0 = Debug|Any CPU
		{097BBA84-8165-9485-2591-83ED12894A47}.Release|Any CPU.ActiveCfg = Release|Any CPU
		{097BBA84-8165-9485-2591-83ED12894A47}.Release|Any CPU.Build.0 = Release|Any CPU
		{097BBA84-8165-9485-2591-83ED12894A47}.Release|x64.ActiveCfg = Release|Any CPU
		{097BBA84-8165-9485-2591-83ED12894A47}.Release|x64.Build.0 = Release|Any CPU
		{097BBA84-8165-9485-2591-83ED12894A47}.Release|x86.ActiveCfg = Release|Any CPU
		{097BBA84-8165-9485-2591-83ED12894A47}.Release|x86.Build.0 = Release|Any CPU
		{2EC463C7-0709-DE0D-63A0-917332B13DCE}.Debug|Any CPU.ActiveCfg = Debug|Any CPU
		{2EC463C7-0709-DE0D-63A0-917332B13DCE}.Debug|Any CPU.Build.0 = Debug|Any CPU
		{2EC463C7-0709-DE0D-63A0-917332B13DCE}.Debug|x64.ActiveCfg = Debug|Any CPU
		{2EC463C7-0709-DE0D-63A0-917332B13DCE}.Debug|x64.Build.0 = Debug|Any CPU
		{2EC463C7-0709-DE0D-63A0-917332B13DCE}.Debug|x86.ActiveCfg = Debug|Any CPU
		{2EC463C7-0709-DE0D-63A0-917332B13DCE}.Debug|x86.Build.0 = Debug|Any CPU
		{2EC463C7-0709-DE0D-63A0-917332B13DCE}.Release|Any CPU.ActiveCfg = Release|Any CPU
		{2EC463C7-0709-DE0D-63A0-917332B13DCE}.Release|Any CPU.Build.0 = Release|Any CPU
		{2EC463C7-0709-DE0D-63A0-917332B13DCE}.Release|x64.ActiveCfg = Release|Any CPU
		{2EC463C7-0709-DE0D-63A0-917332B13DCE}.Release|x64.Build.0 = Release|Any CPU
		{2EC463C7-0709-DE0D-63A0-917332B13DCE}.Release|x86.ActiveCfg = Release|Any CPU
		{2EC463C7-0709-DE0D-63A0-917332B13DCE}.Release|x86.Build.0 = Release|Any CPU
		{0685C84C-EFBD-415C-BBC3-2547C255E308}.Debug|Any CPU.ActiveCfg = Debug|Any CPU
		{0685C84C-EFBD-415C-BBC3-2547C255E308}.Debug|Any CPU.Build.0 = Debug|Any CPU
		{0685C84C-EFBD-415C-BBC3-2547C255E308}.Debug|x64.ActiveCfg = Debug|Any CPU
		{0685C84C-EFBD-415C-BBC3-2547C255E308}.Debug|x64.Build.0 = Debug|Any CPU
		{0685C84C-EFBD-415C-BBC3-2547C255E308}.Debug|x86.ActiveCfg = Debug|Any CPU
		{0685C84C-EFBD-415C-BBC3-2547C255E308}.Debug|x86.Build.0 = Debug|Any CPU
		{0685C84C-EFBD-415C-BBC3-2547C255E308}.Release|Any CPU.ActiveCfg = Release|Any CPU
		{0685C84C-EFBD-415C-BBC3-2547C255E308}.Release|Any CPU.Build.0 = Release|Any CPU
		{0685C84C-EFBD-415C-BBC3-2547C255E308}.Release|x64.ActiveCfg = Release|Any CPU
		{0685C84C-EFBD-415C-BBC3-2547C255E308}.Release|x64.Build.0 = Release|Any CPU
		{0685C84C-EFBD-415C-BBC3-2547C255E308}.Release|x86.ActiveCfg = Release|Any CPU
		{0685C84C-EFBD-415C-BBC3-2547C255E308}.Release|x86.Build.0 = Release|Any CPU
		{2693C173-482B-DADE-1FD5-5C5DA17CC32D}.Debug|Any CPU.ActiveCfg = Debug|Any CPU
		{2693C173-482B-DADE-1FD5-5C5DA17CC32D}.Debug|Any CPU.Build.0 = Debug|Any CPU
		{2693C173-482B-DADE-1FD5-5C5DA17CC32D}.Debug|x64.ActiveCfg = Debug|Any CPU
		{2693C173-482B-DADE-1FD5-5C5DA17CC32D}.Debug|x64.Build.0 = Debug|Any CPU
		{2693C173-482B-DADE-1FD5-5C5DA17CC32D}.Debug|x86.ActiveCfg = Debug|Any CPU
		{2693C173-482B-DADE-1FD5-5C5DA17CC32D}.Debug|x86.Build.0 = Debug|Any CPU
		{2693C173-482B-DADE-1FD5-5C5DA17CC32D}.Release|Any CPU.ActiveCfg = Release|Any CPU
		{2693C173-482B-DADE-1FD5-5C5DA17CC32D}.Release|Any CPU.Build.0 = Release|Any CPU
		{2693C173-482B-DADE-1FD5-5C5DA17CC32D}.Release|x64.ActiveCfg = Release|Any CPU
		{2693C173-482B-DADE-1FD5-5C5DA17CC32D}.Release|x64.Build.0 = Release|Any CPU
		{2693C173-482B-DADE-1FD5-5C5DA17CC32D}.Release|x86.ActiveCfg = Release|Any CPU
		{2693C173-482B-DADE-1FD5-5C5DA17CC32D}.Release|x86.Build.0 = Release|Any CPU
		{4945A6A2-1665-3589-F759-BE5FA04326D7}.Debug|Any CPU.ActiveCfg = Debug|Any CPU
		{4945A6A2-1665-3589-F759-BE5FA04326D7}.Debug|Any CPU.Build.0 = Debug|Any CPU
		{4945A6A2-1665-3589-F759-BE5FA04326D7}.Debug|x64.ActiveCfg = Debug|Any CPU
		{4945A6A2-1665-3589-F759-BE5FA04326D7}.Debug|x64.Build.0 = Debug|Any CPU
		{4945A6A2-1665-3589-F759-BE5FA04326D7}.Debug|x86.ActiveCfg = Debug|Any CPU
		{4945A6A2-1665-3589-F759-BE5FA04326D7}.Debug|x86.Build.0 = Debug|Any CPU
		{4945A6A2-1665-3589-F759-BE5FA04326D7}.Release|Any CPU.ActiveCfg = Release|Any CPU
		{4945A6A2-1665-3589-F759-BE5FA04326D7}.Release|Any CPU.Build.0 = Release|Any CPU
		{4945A6A2-1665-3589-F759-BE5FA04326D7}.Release|x64.ActiveCfg = Release|Any CPU
		{4945A6A2-1665-3589-F759-BE5FA04326D7}.Release|x64.Build.0 = Release|Any CPU
		{4945A6A2-1665-3589-F759-BE5FA04326D7}.Release|x86.ActiveCfg = Release|Any CPU
		{4945A6A2-1665-3589-F759-BE5FA04326D7}.Release|x86.Build.0 = Release|Any CPU
	EndGlobalSection
	GlobalSection(SolutionProperties) = preSolution
		HideSolutionNode = FALSE
	EndGlobalSection
	GlobalSection(NestedProjects) = preSolution
		{294DB3CF-9745-4452-B0CA-52BE1DE8C626} = {02EA681E-C7D8-13C7-8484-4AC65E1B71E8}
		{8531A137-04E2-4063-BF18-11AF2C4841BB} = {A3C3CA66-EA05-4363-BC7E-D383BB73CFE1}
		{097BBA84-8165-9485-2591-83ED12894A47} = {52B5A784-BC3E-4567-9372-4F52B28FCF48}
		{2EC463C7-0709-DE0D-63A0-917332B13DCE} = {D44C6B09-AD76-4E11-AD07-A413BD328AF7}
		{0685C84C-EFBD-415C-BBC3-2547C255E308} = {D8B3EEC5-8FAE-4EE7-A383-E79DC83AEA4A}
		{2693C173-482B-DADE-1FD5-5C5DA17CC32D} = {D8B3EEC5-8FAE-4EE7-A383-E79DC83AEA4A}
		{4945A6A2-1665-3589-F759-BE5FA04326D7} = {D8B3EEC5-8FAE-4EE7-A383-E79DC83AEA4A}
	EndGlobalSection
	GlobalSection(ExtensibilityGlobals) = postSolution
		SolutionGuid = {F93DD13E-2619-4873-905C-1A29FE7D0335}
	EndGlobalSection
EndGlobal
