
Microsoft Visual Studio Solution File, Format Version 12.00
# Visual Studio Version 17
VisualStudioVersion = 17.0.31903.59
MinimumVisualStudioVersion = 10.0.40219.1
Project("{2150E333-8FDC-42A3-9474-1A3956D46DE8}") = "EstacionaFacil.Api", "EstacionaFacil.Api", "{02EA681E-C7D8-13C7-8484-4AC65E1B71E8}"
EndProject
Project("{2150E333-8FDC-42A3-9474-1A3956D46DE8}") = "EstacionaFacil.Domain", "EstacionaFacil.Domain", "{44E490BF-2EDA-4C2D-9873-9BF037FA4B0D}"
EndProject
Project("{2150E333-8FDC-42A3-9474-1A3956D46DE8}") = "EstacionaFacil.Infra", "EstacionaFacil.Infra", "{562782EE-B5B3-45BE-996E-0BF66159034D}"
EndProject
Project("{FAE04EC0-301F-11D3-BF4B-00C04F79EFBC}") = "EstacionaFacil.Infra.Data", "src\EstacionaFacil.Infra.Data\EstacionaFacil.Infra.Data.csproj", "{C4641951-DD07-46B3-8AFE-7700A804B2FF}"
EndProject
Project("{FAE04EC0-301F-11D3-BF4B-00C04F79EFBC}") = "EstacionaFacil.Infra.IoC", "src\EstacionaFacil.Infra.IoC\EstacionaFacil.Infra.IoC.csproj", "{2BD2635A-0E7E-4705-BDF4-C1666BDBD8BC}"
EndProject
Project("{FAE04EC0-301F-11D3-BF4B-00C04F79EFBC}") = "EstacionaFacil.Infra.CrossCutting", "src\EstacionaFacil.Infra.CrossCutting\EstacionaFacil.Infra.CrossCutting.csproj", "{B2C12A79-5564-4FAF-8E30-1B2185A75A6C}"
EndProject
Project("{FAE04EC0-301F-11D3-BF4B-00C04F79EFBC}") = "EstacionaFacil.Domain", "src\EstacionaFacil.Domain\EstacionaFacil.Domain.csproj", "{DD4BFEF9-293E-4C4F-969A-B8811941A5C3}"
EndProject
Project("{FAE04EC0-301F-11D3-BF4B-00C04F79EFBC}") = "EstacionaFacil.Api", "src\EstacionaFacil.Api\EstacionaFacil.Api.csproj", "{3D091CAB-56B2-414C-A9AE-D6A498B1F471}"
EndProject
Project("{E53339B2-1760-4266-BCC7-CA923CBCF16C}") = "docker-compose", "docker-compose.dcproj", "{81DDED9D-158B-E303-5F62-77A2896D2A5A}"
EndProject
Project("{2150E333-8FDC-42A3-9474-1A3956D46DE8}") = "EstacionaFacil.Tests", "EstacionaFacil.Tests", "{34B1618A-BE6F-4350-ADEF-CF5A83894171}"
EndProject
Project("{FAE04EC0-301F-11D3-BF4B-00C04F79EFBC}") = "EstacionaFacil.Tests", "src\EstacionaFacil.Tests\EstacionaFacil.Tests.csproj", "{4A8F5936-5463-4977-BC17-06DBE7F056AB}"
EndProject
Global
	GlobalSection(SolutionConfigurationPlatforms) = preSolution
		Debug|Any CPU = Debug|Any CPU
		Release|Any CPU = Release|Any CPU
	EndGlobalSection
	GlobalSection(ProjectConfigurationPlatforms) = postSolution
		{C4641951-DD07-46B3-8AFE-7700A804B2FF}.Debug|Any CPU.ActiveCfg = Debug|Any CPU
		{C4641951-DD07-46B3-8AFE-7700A804B2FF}.Debug|Any CPU.Build.0 = Debug|Any CPU
		{C4641951-DD07-46B3-8AFE-7700A804B2FF}.Release|Any CPU.ActiveCfg = Release|Any CPU
		{C4641951-DD07-46B3-8AFE-7700A804B2FF}.Release|Any CPU.Build.0 = Release|Any CPU
		{2BD2635A-0E7E-4705-BDF4-C1666BDBD8BC}.Debug|Any CPU.ActiveCfg = Debug|Any CPU
		{2BD2635A-0E7E-4705-BDF4-C1666BDBD8BC}.Debug|Any CPU.Build.0 = Debug|Any CPU
		{2BD2635A-0E7E-4705-BDF4-C1666BDBD8BC}.Release|Any CPU.ActiveCfg = Release|Any CPU
		{2BD2635A-0E7E-4705-BDF4-C1666BDBD8BC}.Release|Any CPU.Build.0 = Release|Any CPU
		{B2C12A79-5564-4FAF-8E30-1B2185A75A6C}.Debug|Any CPU.ActiveCfg = Debug|Any CPU
		{B2C12A79-5564-4FAF-8E30-1B2185A75A6C}.Debug|Any CPU.Build.0 = Debug|Any CPU
		{B2C12A79-5564-4FAF-8E30-1B2185A75A6C}.Release|Any CPU.ActiveCfg = Release|Any CPU
		{B2C12A79-5564-4FAF-8E30-1B2185A75A6C}.Release|Any CPU.Build.0 = Release|Any CPU
		{DD4BFEF9-293E-4C4F-969A-B8811941A5C3}.Debug|Any CPU.ActiveCfg = Debug|Any CPU
		{DD4BFEF9-293E-4C4F-969A-B8811941A5C3}.Debug|Any CPU.Build.0 = Debug|Any CPU
		{DD4BFEF9-293E-4C4F-969A-B8811941A5C3}.Release|Any CPU.ActiveCfg = Release|Any CPU
		{DD4BFEF9-293E-4C4F-969A-B8811941A5C3}.Release|Any CPU.Build.0 = Release|Any CPU
		{3D091CAB-56B2-414C-A9AE-D6A498B1F471}.Debug|Any CPU.ActiveCfg = Debug|Any CPU
		{3D091CAB-56B2-414C-A9AE-D6A498B1F471}.Debug|Any CPU.Build.0 = Debug|Any CPU
		{3D091CAB-56B2-414C-A9AE-D6A498B1F471}.Release|Any CPU.ActiveCfg = Release|Any CPU
		{3D091CAB-56B2-414C-A9AE-D6A498B1F471}.Release|Any CPU.Build.0 = Release|Any CPU
		{81DDED9D-158B-E303-5F62-77A2896D2A5A}.Debug|Any CPU.ActiveCfg = Debug|Any CPU
		{81DDED9D-158B-E303-5F62-77A2896D2A5A}.Debug|Any CPU.Build.0 = Debug|Any CPU
		{81DDED9D-158B-E303-5F62-77A2896D2A5A}.Release|Any CPU.ActiveCfg = Release|Any CPU
		{81DDED9D-158B-E303-5F62-77A2896D2A5A}.Release|Any CPU.Build.0 = Release|Any CPU
		{4A8F5936-5463-4977-BC17-06DBE7F056AB}.Debug|Any CPU.ActiveCfg = Debug|Any CPU
		{4A8F5936-5463-4977-BC17-06DBE7F056AB}.Debug|Any CPU.Build.0 = Debug|Any CPU
		{4A8F5936-5463-4977-BC17-06DBE7F056AB}.Release|Any CPU.ActiveCfg = Release|Any CPU
		{4A8F5936-5463-4977-BC17-06DBE7F056AB}.Release|Any CPU.Build.0 = Release|Any CPU
	EndGlobalSection
	GlobalSection(SolutionProperties) = preSolution
		HideSolutionNode = FALSE
	EndGlobalSection
	GlobalSection(NestedProjects) = preSolution
		{C4641951-DD07-46B3-8AFE-7700A804B2FF} = {562782EE-B5B3-45BE-996E-0BF66159034D}
		{2BD2635A-0E7E-4705-BDF4-C1666BDBD8BC} = {562782EE-B5B3-45BE-996E-0BF66159034D}
		{B2C12A79-5564-4FAF-8E30-1B2185A75A6C} = {562782EE-B5B3-45BE-996E-0BF66159034D}
		{DD4BFEF9-293E-4C4F-969A-B8811941A5C3} = {44E490BF-2EDA-4C2D-9873-9BF037FA4B0D}
		{3D091CAB-56B2-414C-A9AE-D6A498B1F471} = {02EA681E-C7D8-13C7-8484-4AC65E1B71E8}
		{4A8F5936-5463-4977-BC17-06DBE7F056AB} = {34B1618A-BE6F-4350-ADEF-CF5A83894171}
	EndGlobalSection
	GlobalSection(ExtensibilityGlobals) = postSolution
		SolutionGuid = {14E093CC-1188-4874-BA45-F6E4E0BE98B0}
	EndGlobalSection
EndGlobal
